// !$*UTF8*$!
{
	archiveVersion = 1;
	classes = {
	};
	objectVersion = 77;
	objects = {

/* Begin PBXBuildFile section */
		3051868901A0C6ADEED51AE9 /* VerboApp.swift in Sources */ = {isa = PBXBuildFile; fileRef = 9AD41395CCFE3EE703DC2E4D /* VerboApp.swift */; };
		55CA0B03B0FE018C03CF97B8 /* Assets.xcassets in Resources */ = {isa = PBXBuildFile; fileRef = 1ED63D3A5D2301B4132A54BA /* Assets.xcassets */; };
		FDC8844434BB8561775BEEEA /* VerboTests.swift in Sources */ = {isa = PBXBuildFile; fileRef = 1524D48207089E7B518C69BB /* VerboTests.swift */; };
/* End PBXBuildFile section */

/* Begin PBXContainerItemProxy section */
		CC7001A0CE35B0AF96E5745F /* PBXContainerItemProxy */ = {
			isa = PBXContainerItemProxy;
			containerPortal = 22CE9A025CC56EC7EFE8EB3F /* Project object */;
			proxyType = 1;
			remoteGlobalIDString = 1B808CA48447DAA2F01328ED;
			remoteInfo = Verbo;
		};
/* End PBXContainerItemProxy section */

/* Begin PBXFileReference section */
		1524D48207089E7B518C69BB /* VerboTests.swift */ = {isa = PBXFileReference; lastKnownFileType = sourcecode.swift; path = VerboTests.swift; sourceTree = "<group>"; };
		1ED63D3A5D2301B4132A54BA /* Assets.xcassets */ = {isa = PBXFileReference; lastKnownFileType = folder.assetcatalog; path = Assets.xcassets; sourceTree = "<group>"; };
		7A439058C246590377183184 /* Verbo.app */ = {isa = PBXFileReference; explicitFileType = wrapper.application; includeInIndex = 0; path = Verbo.app; sourceTree = BUILT_PRODUCTS_DIR; };
		9AD41395CCFE3EE703DC2E4D /* VerboApp.swift */ = {isa = PBXFileReference; lastKnownFileType = sourcecode.swift; path = VerboApp.swift; sourceTree = "<group>"; };
		BD6B80B01DABB31132346229 /* VerboTests.xctest */ = {isa = PBXFileReference; explicitFileType = wrapper.cfbundle; includeInIndex = 0; path = VerboTests.xctest; sourceTree = BUILT_PRODUCTS_DIR; };
/* End PBXFileReference section */

/* Begin PBXGroup section */
		3AF34662D80ADC260F7403D8 /* Verbo */ = {
			isa = PBXGroup;
			children = (
				9AD41395CCFE3EE703DC2E4D /* VerboApp.swift */,
				D0777474B6B14782C49B6859 /* Resources */,
			);
			path = Verbo;
			sourceTree = "<group>";
		};
		4AAA76AF763C9D6DDD622AF0 = {
			isa = PBXGroup;
			children = (
				3AF34662D80ADC260F7403D8 /* Verbo */,
				A1019CC10BD15E94DFE85E3C /* VerboTests */,
				B7D56B802F3883C367C74823 /* Products */,
			);
			sourceTree = "<group>";
		};
		A1019CC10BD15E94DFE85E3C /* VerboTests */ = {
			isa = PBXGroup;
			children = (
				1524D48207089E7B518C69BB /* VerboTests.swift */,
			);
			path = VerboTests;
			sourceTree = "<group>";
		};
		B7D56B802F3883C367C74823 /* Products */ = {
			isa = PBXGroup;
			children = (
				7A439058C246590377183184 /* Verbo.app */,
				BD6B80B01DABB31132346229 /* VerboTests.xctest */,
			);
			name = Products;
			sourceTree = "<group>";
		};
		D0777474B6B14782C49B6859 /* Resources */ = {
			isa = PBXGroup;
			children = (
				1ED63D3A5D2301B4132A54BA /* Assets.xcassets */,
			);
			path = Resources;
			sourceTree = "<group>";
		};
/* End PBXGroup section */

/* Begin PBXNativeTarget section */
		1B808CA48447DAA2F01328ED /* Verbo */ = {
			isa = PBXNativeTarget;
			buildConfigurationList = DF28A5E3C2E038467A91F0F1 /* Build configuration list for PBXNativeTarget "Verbo" */;
			buildPhases = (
				9C49B9DF0453CF17E4949609 /* Sources */,
				699FE6ADCC8E32A628A4DDB2 /* Resources */,
			);
			buildRules = (
			);
			dependencies = (
			);
			name = Verbo;
			packageProductDependencies = (
			);
			productName = Verbo;
			productReference = 7A439058C246590377183184 /* Verbo.app */;
			productType = "com.apple.product-type.application";
		};
		2B7278F2CA613E996D6EC8DC /* VerboTests */ = {
			isa = PBXNativeTarget;
			buildConfigurationList = 5138E173E4850F7CFAF58EF8 /* Build configuration list for PBXNativeTarget "VerboTests" */;
			buildPhases = (
				E25EDF3FF241AFE502FDB06B /* Sources */,
			);
			buildRules = (
			);
			dependencies = (
				63876D71F6DA72CE1B95EFA6 /* PBXTargetDependency */,
			);
			name = VerboTests;
			packageProductDependencies = (
			);
			productName = VerboTests;
			productReference = BD6B80B01DABB31132346229 /* VerboTests.xctest */;
			productType = "com.apple.product-type.bundle.unit-test";
		};
/* End PBXNativeTarget section */

/* Begin PBXProject section */
		22CE9A025CC56EC7EFE8EB3F /* Project object */ = {
			isa = PBXProject;
			attributes = {
				BuildIndependentTargetsInParallel = YES;
				LastUpgradeCheck = 1430;
				TargetAttributes = {
				};
			};
			buildConfigurationList = 9767DB0932EBB32004B29CE6 /* Build configuration list for PBXProject "Verbo" */;
			developmentRegion = en;
			hasScannedForEncodings = 0;
			knownRegions = (
				Base,
				en,
			);
			mainGroup = 4AAA76AF763C9D6DDD622AF0;
			minimizedProjectReferenceProxies = 1;
			preferredProjectObjectVersion = 77;
			productRefGroup = B7D56B802F3883C367C74823 /* Products */;
			projectDirPath = "";
			projectRoot = "";
			targets = (
				1B808CA48447DAA2F01328ED /* Verbo */,
				2B7278F2CA613E996D6EC8DC /* VerboTests */,
			);
		};
/* End PBXProject section */

/* Begin PBXResourcesBuildPhase section */
		699FE6ADCC8E32A628A4DDB2 /* Resources */ = {
			isa = PBXResourcesBuildPhase;
			buildActionMask = 2147483647;
			files = (
				55CA0B03B0FE018C03CF97B8 /* Assets.xcassets in Resources */,
			);
			runOnlyForDeploymentPostprocessing = 0;
		};
/* End PBXResourcesBuildPhase section */

/* Begin PBXSourcesBuildPhase section */
		9C49B9DF0453CF17E4949609 /* Sources */ = {
			isa = PBXSourcesBuildPhase;
			buildActionMask = 2147483647;
			files = (
				3051868901A0C6ADEED51AE9 /* VerboApp.swift in Sources */,
			);
			runOnlyForDeploymentPostprocessing = 0;
		};
		E25EDF3FF241AFE502FDB06B /* Sources */ = {
			isa = PBXSourcesBuildPhase;
			buildActionMask = 2147483647;
			files = (
				FDC8844434BB8561775BEEEA /* VerboTests.swift in Sources */,
			);
			runOnlyForDeploymentPostprocessing = 0;
		};
/* End PBXSourcesBuildPhase section */

/* Begin PBXTargetDependency section */
		63876D71F6DA72CE1B95EFA6 /* PBXTargetDependency */ = {
			isa = PBXTargetDependency;
			target = 1B808CA48447DAA2F01328ED /* Verbo */;
			targetProxy = CC7001A0CE35B0AF96E5745F /* PBXContainerItemProxy */;
		};
/* End PBXTargetDependency section */

/* Begin XCBuildConfiguration section */
		1E37FD9C644654B0E2C2B9EA /* Release */ = {
			isa = XCBuildConfiguration;
			buildSettings = {
				ASSETCATALOG_COMPILER_APPICON_NAME = AppIcon;
				CODE_SIGN_ENTITLEMENTS = Verbo/Verbo.entitlements;
				COMBINE_HIDPI_IMAGES = YES;
				GENERATE_INFOPLIST_FILE = NO;
				INFOPLIST_FILE = Verbo/Info.plist;
				LD_RUNPATH_SEARCH_PATHS = (
					"$(inherited)",
					"@executable_path/../Frameworks",
				);
				PRODUCT_BUNDLE_IDENTIFIER = com.verbo.Verbo;
				SDKROOT = macosx;
				SWIFT_STRICT_CONCURRENCY = complete;
				SWIFT_VERSION = 6.0;
			};
			name = Release;
		};
		2264E5D79483C86CD2AF7091 /* Debug */ = {
			isa = XCBuildConfiguration;
			buildSettings = {
				ASSETCATALOG_COMPILER_APPICON_NAME = AppIcon;
				CODE_SIGN_ENTITLEMENTS = Verbo/Verbo.entitlements;
				COMBINE_HIDPI_IMAGES = YES;
				GENERATE_INFOPLIST_FILE = NO;
				INFOPLIST_FILE = Verbo/Info.plist;
				LD_RUNPATH_SEARCH_PATHS = (
					"$(inherited)",
					"@executable_path/../Frameworks",
				);
				PRODUCT_BUNDLE_IDENTIFIER = com.verbo.Verbo;
				SDKROOT = macosx;
				SWIFT_STRICT_CONCURRENCY = complete;
				SWIFT_VERSION = 6.0;
			};
			name = Debug;
		};
		3100D0C102106BE26680009D /* Debug */ = {
			isa = XCBuildConfiguration;
			buildSettings = {
				BUNDLE_LOADER = "$(TEST_HOST)";
				COMBINE_HIDPI_IMAGES = YES;
				GENERATE_INFOPLIST_FILE = YES;
				LD_RUNPATH_SEARCH_PATHS = (
					"$(inherited)",
					"@executable_path/../Frameworks",
					"@loader_path/../Frameworks",
				);
				PRODUCT_BUNDLE_IDENTIFIER = com.verbo.VerboTests;
				SDKROOT = macosx;
				SWIFT_STRICT_CONCURRENCY = complete;
				SWIFT_VERSION = 6.0;
				TEST_HOST = "$(BUILT_PRODUCTS_DIR)/Verbo.app/Contents/MacOS/Verbo";
			};
			name = Debug;
		};
		AB43057B2C83BA0747732C53 /* Release */ = {
			isa = XCBuildConfiguration;
			buildSettings = {
				ALWAYS_SEARCH_USER_PATHS = NO;
				CLANG_ANALYZER_NONNULL = YES;
				CLANG_ANALYZER_NUMBER_OBJECT_CONVERSION = YES_AGGRESSIVE;
				CLANG_CXX_LANGUAGE_STANDARD = "gnu++14";
				CLANG_CXX_LIBRARY = "libc++";
				CLANG_ENABLE_MODULES = YES;
				CLANG_ENABLE_OBJC_ARC = YES;
				CLANG_ENABLE_OBJC_WEAK = YES;
				CLANG_WARN_BLOCK_CAPTURE_AUTORELEASING = YES;
				CLANG_WARN_BOOL_CONVERSION = YES;
				CLANG_WARN_COMMA = YES;
				CLANG_WARN_CONSTANT_CONVERSION = YES;
				CLANG_WARN_DEPRECATED_OBJC_IMPLEMENTATIONS = YES;
				CLANG_WARN_DIRECT_OBJC_ISA_USAGE = YES_ERROR;
				CLANG_WARN_DOCUMENTATION_COMMENTS = YES;
				CLANG_WARN_EMPTY_BODY = YES;
				CLANG_WARN_ENUM_CONVERSION = YES;
				CLANG_WARN_INFINITE_RECURSION = YES;
				CLANG_WARN_INT_CONVERSION = YES;
				CLANG_WARN_NON_LITERAL_NULL_CONVERSION = YES;
				CLANG_WARN_OBJC_IMPLICIT_RETAIN_SELF = YES;
				CLANG_WARN_OBJC_LITERAL_CONVERSION = YES;
				CLANG_WARN_OBJC_ROOT_CLASS = YES_ERROR;
				CLANG_WARN_QUOTED_INCLUDE_IN_FRAMEWORK_HEADER = YES;
				CLANG_WARN_RANGE_LOOP_ANALYSIS = YES;
				CLANG_WARN_STRICT_PROTOTYPES = YES;
				CLANG_WARN_SUSPICIOUS_MOVE = YES;
				CLANG_WARN_UNGUARDED_AVAILABILITY = YES_AGGRESSIVE;
				CLANG_WARN_UNREACHABLE_CODE = YES;
				CLANG_WARN__DUPLICATE_METHOD_MATCH = YES;
				COPY_PHASE_STRIP = NO;
				DEBUG_INFORMATION_FORMAT = "dwarf-with-dsym";
				ENABLE_NS_ASSERTIONS = NO;
				ENABLE_STRICT_OBJC_MSGSEND = YES;
				GCC_C_LANGUAGE_STANDARD = gnu11;
				GCC_NO_COMMON_BLOCKS = YES;
				GCC_WARN_64_TO_32_BIT_CONVERSION = YES;
				GCC_WARN_ABOUT_RETURN_TYPE = YES_ERROR;
				GCC_WARN_UNDECLARED_SELECTOR = YES;
				GCC_WARN_UNINITIALIZED_AUTOS = YES_AGGRESSIVE;
				GCC_WARN_UNUSED_FUNCTION = YES;
				GCC_WARN_UNUSED_VARIABLE = YES;
				MACOSX_DEPLOYMENT_TARGET = 14.0;
				MTL_ENABLE_DEBUG_INFO = NO;
				MTL_FAST_MATH = YES;
				PRODUCT_NAME = "$(TARGET_NAME)";
				SDKROOT = macosx;
				SWIFT_COMPILATION_MODE = wholemodule;
				SWIFT_OPTIMIZATION_LEVEL = "-O";
				SWIFT_STRICT_CONCURRENCY = complete;
				SWIFT_VERSION = 6.0;
			};
			name = Release;
		};
		D55ADC33F1A3F8DFEB1D2BF6 /* Release */ = {
			isa = XCBuildConfiguration;
			buildSettings = {
				BUNDLE_LOADER = "$(TEST_HOST)";
				COMBINE_HIDPI_IMAGES = YES;
				GENERATE_INFOPLIST_FILE = YES;
				LD_RUNPATH_SEARCH_PATHS = (
					"$(inherited)",
					"@executable_path/../Frameworks",
					"@loader_path/../Frameworks",
				);
				PRODUCT_BUNDLE_IDENTIFIER = com.verbo.VerboTests;
				SDKROOT = macosx;
				SWIFT_STRICT_CONCURRENCY = complete;
				SWIFT_VERSION = 6.0;
				TEST_HOST = "$(BUILT_PRODUCTS_DIR)/Verbo.app/Contents/MacOS/Verbo";
			};
			name = Release;
		};
		FD3936479A8B8E62C01D7128 /* Debug */ = {
			isa = XCBuildConfiguration;
			buildSettings = {
				ALWAYS_SEARCH_USER_PATHS = NO;
				CLANG_ANALYZER_NONNULL = YES;
				CLANG_ANALYZER_NUMBER_OBJECT_CONVERSION = YES_AGGRESSIVE;
				CLANG_CXX_LANGUAGE_STANDARD = "gnu++14";
				CLANG_CXX_LIBRARY = "libc++";
				CLANG_ENABLE_MODULES = YES;
				CLANG_ENABLE_OBJC_ARC = YES;
				CLANG_ENABLE_OBJC_WEAK = YES;
				CLANG_WARN_BLOCK_CAPTURE_AUTORELEASING = YES;
				CLANG_WARN_BOOL_CONVERSION = YES;
				CLANG_WARN_COMMA = YES;
				CLANG_WARN_CONSTANT_CONVERSION = YES;
				CLANG_WARN_DEPRECATED_OBJC_IMPLEMENTATIONS = YES;
				CLANG_WARN_DIRECT_OBJC_ISA_USAGE = YES_ERROR;
				CLANG_WARN_DOCUMENTATION_COMMENTS = YES;
				CLANG_WARN_EMPTY_BODY = YES;
				CLANG_WARN_ENUM_CONVERSION = YES;
				CLANG_WARN_INFINITE_RECURSION = YES;
				CLANG_WARN_INT_CONVERSION = YES;
				CLANG_WARN_NON_LITERAL_NULL_CONVERSION = YES;
				CLANG_WARN_OBJC_IMPLICIT_RETAIN_SELF = YES;
				CLANG_WARN_OBJC_LITERAL_CONVERSION = YES;
				CLANG_WARN_OBJC_ROOT_CLASS = YES_ERROR;
				CLANG_WARN_QUOTED_INCLUDE_IN_FRAMEWORK_HEADER = YES;
				CLANG_WARN_RANGE_LOOP_ANALYSIS = YES;
				CLANG_WARN_STRICT_PROTOTYPES = YES;
				CLANG_WARN_SUSPICIOUS_MOVE = YES;
				CLANG_WARN_UNGUARDED_AVAILABILITY = YES_AGGRESSIVE;
				CLANG_WARN_UNREACHABLE_CODE = YES;
				CLANG_WARN__DUPLICATE_METHOD_MATCH = YES;
				COPY_PHASE_STRIP = NO;
				DEBUG_INFORMATION_FORMAT = dwarf;
				ENABLE_STRICT_OBJC_MSGSEND = YES;
				ENABLE_TESTABILITY = YES;
				GCC_C_LANGUAGE_STANDARD = gnu11;
				GCC_DYNAMIC_NO_PIC = NO;
				GCC_NO_COMMON_BLOCKS = YES;
				GCC_OPTIMIZATION_LEVEL = 0;
				GCC_PREPROCESSOR_DEFINITIONS = (
					"$(inherited)",
					"DEBUG=1",
				);
				GCC_WARN_64_TO_32_BIT_CONVERSION = YES;
				GCC_WARN_ABOUT_RETURN_TYPE = YES_ERROR;
				GCC_WARN_UNDECLARED_SELECTOR = YES;
				GCC_WARN_UNINITIALIZED_AUTOS = YES_AGGRESSIVE;
				GCC_WARN_UNUSED_FUNCTION = YES;
				GCC_WARN_UNUSED_VARIABLE = YES;
				MACOSX_DEPLOYMENT_TARGET = 14.0;
				MTL_ENABLE_DEBUG_INFO = INCLUDE_SOURCE;
				MTL_FAST_MATH = YES;
				ONLY_ACTIVE_ARCH = YES;
				PRODUCT_NAME = "$(TARGET_NAME)";
				SDKROOT = macosx;
				SWIFT_ACTIVE_COMPILATION_CONDITIONS = DEBUG;
				SWIFT_OPTIMIZATION_LEVEL = "-Onone";
				SWIFT_STRICT_CONCURRENCY = complete;
				SWIFT_VERSION = 6.0;
			};
			name = Debug;
		};
/* End XCBuildConfiguration section */

/* Begin XCConfigurationList section */
		5138E173E4850F7CFAF58EF8 /* Build configuration list for PBXNativeTarget "VerboTests" */ = {
			isa = XCConfigurationList;
			buildConfigurations = (
				3100D0C102106BE26680009D /* Debug */,
				D55ADC33F1A3F8DFEB1D2BF6 /* Release */,
			);
			defaultConfigurationIsVisible = 0;
			defaultConfigurationName = Debug;
		};
		9767DB0932EBB32004B29CE6 /* Build configuration list for PBXProject "Verbo" */ = {
			isa = XCConfigurationList;
			buildConfigurations = (
				FD3936479A8B8E62C01D7128 /* Debug */,
				AB43057B2C83BA0747732C53 /* Release */,
			);
			defaultConfigurationIsVisible = 0;
			defaultConfigurationName = Debug;
		};
		DF28A5E3C2E038467A91F0F1 /* Build configuration list for PBXNativeTarget "Verbo" */ = {
			isa = XCConfigurationList;
			buildConfigurations = (
				2264E5D79483C86CD2AF7091 /* Debug */,
				1E37FD9C644654B0E2C2B9EA /* Release */,
			);
			defaultConfigurationIsVisible = 0;
			defaultConfigurationName = Debug;
		};
/* End XCConfigurationList section */
	};
	rootObject = 22CE9A025CC56EC7EFE8EB3F /* Project object */;
}
